// !$*UTF8*$!
{
	archiveVersion = 1;
	classes = {
	};
	objectVersion = 56;
	objects = {

/* Begin PBXBuildFile section */
		A41308C42ADF07ED00ADCA31 /* TeaCoApp.swift in Sources */ = {isa = PBXBuildFile; fileRef = A41308C32ADF07ED00ADCA31 /* TeaCoApp.swift */; };
		A41308C62ADF07ED00ADCA31 /* ContentView.swift in Sources */ = {isa = PBXBuildFile; fileRef = A41308C52ADF07ED00ADCA31 /* ContentView.swift */; };
		A41308C82ADF07EF00ADCA31 /* Assets.xcassets in Resources */ = {isa = PBXBuildFile; fileRef = A41308C72ADF07EF00ADCA31 /* Assets.xcassets */; };
		A41308CC2ADF07F000ADCA31 /* Preview Assets.xcassets in Resources */ = {isa = PBXBuildFile; fileRef = A41308CB2ADF07F000ADCA31 /* Preview Assets.xcassets */; };
		A41308D32ADF08D400ADCA31 /* ViewRouter.swift in Sources */ = {isa = PBXBuildFile; fileRef = A41308D22ADF08D400ADCA31 /* ViewRouter.swift */; };
		A41308DB2ADF097500ADCA31 /* ChangeView.swift in Sources */ = {isa = PBXBuildFile; fileRef = A41308DA2ADF097500ADCA31 /* ChangeView.swift */; };
		A41308DD2ADF098900ADCA31 /* Item.swift in Sources */ = {isa = PBXBuildFile; fileRef = A41308DC2ADF098900ADCA31 /* Item.swift */; };
		A41308DF2ADF099E00ADCA31 /* OrderView.swift in Sources */ = {isa = PBXBuildFile; fileRef = A41308DE2ADF099E00ADCA31 /* OrderView.swift */; };
		A41308E12ADF09BC00ADCA31 /* PayView.swift in Sources */ = {isa = PBXBuildFile; fileRef = A41308E02ADF09BC00ADCA31 /* PayView.swift */; };
		A41308E32ADF09DA00ADCA31 /* Coins.swift in Sources */ = {isa = PBXBuildFile; fileRef = A41308E22ADF09DA00ADCA31 /* Coins.swift */; };
		A41308E52ADF0A0200ADCA31 /* Dollars.swift in Sources */ = {isa = PBXBuildFile; fileRef = A41308E42ADF0A0200ADCA31 /* Dollars.swift */; };
		A41308E82ADF0A4600ADCA31 /* CashCredView.swift in Sources */ = {isa = PBXBuildFile; fileRef = A41308E72ADF0A4600ADCA31 /* CashCredView.swift */; };
		A41308ED2ADF0A6D00ADCA31 /* EditView.swift in Sources */ = {isa = PBXBuildFile; fileRef = A41308EC2ADF0A6D00ADCA31 /* EditView.swift */; };
		A41308EF2ADF0A8500ADCA31 /* EditTrue.swift in Sources */ = {isa = PBXBuildFile; fileRef = A41308EE2ADF0A8500ADCA31 /* EditTrue.swift */; };
		A41308F22ADF0A9900ADCA31 /* ItemEdit.swift in Sources */ = {isa = PBXBuildFile; fileRef = A41308F12ADF0A9900ADCA31 /* ItemEdit.swift */; };
		A41308F42ADF0AAF00ADCA31 /* TextBox.swift in Sources */ = {isa = PBXBuildFile; fileRef = A41308F32ADF0AAF00ADCA31 /* TextBox.swift */; };
		A41308F62ADF0ADA00ADCA31 /* EditFalse.swift in Sources */ = {isa = PBXBuildFile; fileRef = A41308F52ADF0ADA00ADCA31 /* EditFalse.swift */; };
		A41308F82ADF0AEA00ADCA31 /* ItemDefault.swift in Sources */ = {isa = PBXBuildFile; fileRef = A41308F72ADF0AEA00ADCA31 /* ItemDefault.swift */; };
		A41308FB2ADF0AFE00ADCA31 /* LoginView.swift in Sources */ = {isa = PBXBuildFile; fileRef = A41308FA2ADF0AFE00ADCA31 /* LoginView.swift */; };
		A42D004D2B224750006436E8 /* FirebaseStorage.swift in Sources */ = {isa = PBXBuildFile; fileRef = A42D004C2B22474F006436E8 /* FirebaseStorage.swift */; };
		A4479D7E2AE07816004178C6 /* GoogleService-Info.plist in Resources */ = {isa = PBXBuildFile; fileRef = A4479D7D2AE07816004178C6 /* GoogleService-Info.plist */; };
		A4479D932AE079A5004178C6 /* FirebaseDatabase in Frameworks */ = {isa = PBXBuildFile; productRef = A4479D922AE079A5004178C6 /* FirebaseDatabase */; };
		A4479D952AE079A5004178C6 /* FirebaseDatabaseSwift in Frameworks */ = {isa = PBXBuildFile; productRef = A4479D942AE079A5004178C6 /* FirebaseDatabaseSwift */; };
		A4479DB32AE079A5004178C6 /* FirebaseStorage in Frameworks */ = {isa = PBXBuildFile; productRef = A4479DB22AE079A5004178C6 /* FirebaseStorage */; };
		A4479DB52AE079A5004178C6 /* FirebaseStorageCombine-Community in Frameworks */ = {isa = PBXBuildFile; productRef = A4479DB42AE079A5004178C6 /* FirebaseStorageCombine-Community */; };
		A4F6A7782B1522CC0044EBD5 /* ImagePicker.swift in Sources */ = {isa = PBXBuildFile; fileRef = A4F6A7772B1522CC0044EBD5 /* ImagePicker.swift */; };
/* End PBXBuildFile section */

/* Begin PBXFileReference section */
		A41308C02ADF07ED00ADCA31 /* TeaCo.app */ = {isa = PBXFileReference; explicitFileType = wrapper.application; includeInIndex = 0; path = TeaCo.app; sourceTree = BUILT_PRODUCTS_DIR; };
		A41308C32ADF07ED00ADCA31 /* TeaCoApp.swift */ = {isa = PBXFileReference; lastKnownFileType = sourcecode.swift; path = TeaCoApp.swift; sourceTree = "<group>"; };
		A41308C52ADF07ED00ADCA31 /* ContentView.swift */ = {isa = PBXFileReference; lastKnownFileType = sourcecode.swift; path = ContentView.swift; sourceTree = "<group>"; };
		A41308C72ADF07EF00ADCA31 /* Assets.xcassets */ = {isa = PBXFileReference; lastKnownFileType = folder.assetcatalog; path = Assets.xcassets; sourceTree = "<group>"; };
		A41308C92ADF07F000ADCA31 /* TeaCo.entitlements */ = {isa = PBXFileReference; lastKnownFileType = text.plist.entitlements; path = TeaCo.entitlements; sourceTree = "<group>"; };
		A41308CB2ADF07F000ADCA31 /* Preview Assets.xcassets */ = {isa = PBXFileReference; lastKnownFileType = folder.assetcatalog; path = "Preview Assets.xcassets"; sourceTree = "<group>"; };
		A41308D22ADF08D400ADCA31 /* ViewRouter.swift */ = {isa = PBXFileReference; lastKnownFileType = sourcecode.swift; path = ViewRouter.swift; sourceTree = "<group>"; };
		A41308DA2ADF097500ADCA31 /* ChangeView.swift */ = {isa = PBXFileReference; lastKnownFileType = sourcecode.swift; path = ChangeView.swift; sourceTree = "<group>"; };
		A41308DC2ADF098900ADCA31 /* Item.swift */ = {isa = PBXFileReference; lastKnownFileType = sourcecode.swift; path = Item.swift; sourceTree = "<group>"; };
		A41308DE2ADF099E00ADCA31 /* OrderView.swift */ = {isa = PBXFileReference; lastKnownFileType = sourcecode.swift; path = OrderView.swift; sourceTree = "<group>"; };
		A41308E02ADF09BC00ADCA31 /* PayView.swift */ = {isa = PBXFileReference; lastKnownFileType = sourcecode.swift; path = PayView.swift; sourceTree = "<group>"; };
		A41308E22ADF09DA00ADCA31 /* Coins.swift */ = {isa = PBXFileReference; lastKnownFileType = sourcecode.swift; path = Coins.swift; sourceTree = "<group>"; };
		A41308E42ADF0A0200ADCA31 /* Dollars.swift */ = {isa = PBXFileReference; lastKnownFileType = sourcecode.swift; path = Dollars.swift; sourceTree = "<group>"; };
		A41308E72ADF0A4600ADCA31 /* CashCredView.swift */ = {isa = PBXFileReference; lastKnownFileType = sourcecode.swift; path = CashCredView.swift; sourceTree = "<group>"; };
		A41308EC2ADF0A6D00ADCA31 /* EditView.swift */ = {isa = PBXFileReference; lastKnownFileType = sourcecode.swift; path = EditView.swift; sourceTree = "<group>"; };
		A41308EE2ADF0A8500ADCA31 /* EditTrue.swift */ = {isa = PBXFileReference; lastKnownFileType = sourcecode.swift; path = EditTrue.swift; sourceTree = "<group>"; };
		A41308F12ADF0A9900ADCA31 /* ItemEdit.swift */ = {isa = PBXFileReference; lastKnownFileType = sourcecode.swift; path = ItemEdit.swift; sourceTree = "<group>"; };
		A41308F32ADF0AAF00ADCA31 /* TextBox.swift */ = {isa = PBXFileReference; lastKnownFileType = sourcecode.swift; path = TextBox.swift; sourceTree = "<group>"; };
		A41308F52ADF0ADA00ADCA31 /* EditFalse.swift */ = {isa = PBXFileReference; lastKnownFileType = sourcecode.swift; path = EditFalse.swift; sourceTree = "<group>"; };
		A41308F72ADF0AEA00ADCA31 /* ItemDefault.swift */ = {isa = PBXFileReference; lastKnownFileType = sourcecode.swift; path = ItemDefault.swift; sourceTree = "<group>"; };
		A41308FA2ADF0AFE00ADCA31 /* LoginView.swift */ = {isa = PBXFileReference; lastKnownFileType = sourcecode.swift; path = LoginView.swift; sourceTree = "<group>"; };
		A42D004C2B22474F006436E8 /* FirebaseStorage.swift */ = {isa = PBXFileReference; lastKnownFileType = sourcecode.swift; path = FirebaseStorage.swift; sourceTree = "<group>"; };
		A4479D7D2AE07816004178C6 /* GoogleService-Info.plist */ = {isa = PBXFileReference; fileEncoding = 4; lastKnownFileType = text.plist.xml; path = "GoogleService-Info.plist"; sourceTree = "<group>"; };
		A4F6A7772B1522CC0044EBD5 /* ImagePicker.swift */ = {isa = PBXFileReference; lastKnownFileType = sourcecode.swift; path = ImagePicker.swift; sourceTree = "<group>"; };
/* End PBXFileReference section */

/* Begin PBXFrameworksBuildPhase section */
		A41308BD2ADF07ED00ADCA31 /* Frameworks */ = {
			isa = PBXFrameworksBuildPhase;
			buildActionMask = 2147483647;
			files = (
				A4479D932AE079A5004178C6 /* FirebaseDatabase in Frameworks */,
				A4479D952AE079A5004178C6 /* FirebaseDatabaseSwift in Frameworks */,
				A4479DB52AE079A5004178C6 /* FirebaseStorageCombine-Community in Frameworks */,
				A4479DB32AE079A5004178C6 /* FirebaseStorage in Frameworks */,
			);
			runOnlyForDeploymentPostprocessing = 0;
		};
/* End PBXFrameworksBuildPhase section */

/* Begin PBXGroup section */
		A41308B72ADF07ED00ADCA31 = {
			isa = PBXGroup;
			children = (
				A41308C22ADF07ED00ADCA31 /* TeaCo */,
				A41308C12ADF07ED00ADCA31 /* Products */,
			);
			sourceTree = "<group>";
		};
		A41308C12ADF07ED00ADCA31 /* Products */ = {
			isa = PBXGroup;
			children = (
				A41308C02ADF07ED00ADCA31 /* TeaCo.app */,
			);
			name = Products;
			sourceTree = "<group>";
		};
		A41308C22ADF07ED00ADCA31 /* TeaCo */ = {
			isa = PBXGroup;
			children = (
				A4479D7D2AE07816004178C6 /* GoogleService-Info.plist */,
				A41308F92ADF0AF600ADCA31 /* Login */,
				A41308E92ADF0A5100ADCA31 /* Edit */,
				A41308E62ADF0A3200ADCA31 /* Cash vs Credit */,
				A41308D42ADF090000ADCA31 /* Cash */,
				A41308D22ADF08D400ADCA31 /* ViewRouter.swift */,
				A41308C32ADF07ED00ADCA31 /* TeaCoApp.swift */,
				A42D004C2B22474F006436E8 /* FirebaseStorage.swift */,
				A4F6A7772B1522CC0044EBD5 /* ImagePicker.swift */,
				A41308C52ADF07ED00ADCA31 /* ContentView.swift */,
				A41308C72ADF07EF00ADCA31 /* Assets.xcassets */,
				A41308C92ADF07F000ADCA31 /* TeaCo.entitlements */,
				A41308CA2ADF07F000ADCA31 /* Preview Content */,
			);
			path = TeaCo;
			sourceTree = "<group>";
		};
		A41308CA2ADF07F000ADCA31 /* Preview Content */ = {
			isa = PBXGroup;
			children = (
				A41308CB2ADF07F000ADCA31 /* Preview Assets.xcassets */,
			);
			path = "Preview Content";
			sourceTree = "<group>";
		};
		A41308D42ADF090000ADCA31 /* Cash */ = {
			isa = PBXGroup;
			children = (
				A41308D72ADF095000ADCA31 /* Pay */,
				A41308D62ADF094700ADCA31 /* Order */,
				A41308D52ADF093D00ADCA31 /* Change */,
			);
			path = Cash;
			sourceTree = "<group>";
		};
		A41308D52ADF093D00ADCA31 /* Change */ = {
			isa = PBXGroup;
			children = (
				A41308DA2ADF097500ADCA31 /* ChangeView.swift */,
			);
			path = Change;
			sourceTree = "<group>";
		};
		A41308D62ADF094700ADCA31 /* Order */ = {
			isa = PBXGroup;
			children = (
				A41308DC2ADF098900ADCA31 /* Item.swift */,
				A41308DE2ADF099E00ADCA31 /* OrderView.swift */,
			);
			path = Order;
			sourceTree = "<group>";
		};
		A41308D72ADF095000ADCA31 /* Pay */ = {
			isa = PBXGroup;
			children = (
				A41308E22ADF09DA00ADCA31 /* Coins.swift */,
				A41308E02ADF09BC00ADCA31 /* PayView.swift */,
				A41308E42ADF0A0200ADCA31 /* Dollars.swift */,
			);
			path = Pay;
			sourceTree = "<group>";
		};
		A41308E62ADF0A3200ADCA31 /* Cash vs Credit */ = {
			isa = PBXGroup;
			children = (
				A41308E72ADF0A4600ADCA31 /* CashCredView.swift */,
			);
			path = "Cash vs Credit";
			sourceTree = "<group>";
		};
		A41308E92ADF0A5100ADCA31 /* Edit */ = {
			isa = PBXGroup;
			children = (
				A41308EB2ADF0A5C00ADCA31 /* Editor */,
				A41308EA2ADF0A5600ADCA31 /* Default */,
				A41308EC2ADF0A6D00ADCA31 /* EditView.swift */,
			);
			path = Edit;
			sourceTree = "<group>";
		};
		A41308EA2ADF0A5600ADCA31 /* Default */ = {
			isa = PBXGroup;
			children = (
				A41308F52ADF0ADA00ADCA31 /* EditFalse.swift */,
				A41308F72ADF0AEA00ADCA31 /* ItemDefault.swift */,
			);
			path = Default;
			sourceTree = "<group>";
		};
		A41308EB2ADF0A5C00ADCA31 /* Editor */ = {
			isa = PBXGroup;
			children = (
				A41308EE2ADF0A8500ADCA31 /* EditTrue.swift */,
				A41308F12ADF0A9900ADCA31 /* ItemEdit.swift */,
				A41308F32ADF0AAF00ADCA31 /* TextBox.swift */,
			);
			path = Editor;
			sourceTree = "<group>";
		};
		A41308F92ADF0AF600ADCA31 /* Login */ = {
			isa = PBXGroup;
			children = (
				A41308FA2ADF0AFE00ADCA31 /* LoginView.swift */,
			);
			path = Login;
			sourceTree = "<group>";
		};
/* End PBXGroup section */

/* Begin PBXNativeTarget section */
		A41308BF2ADF07ED00ADCA31 /* TeaCo */ = {
			isa = PBXNativeTarget;
			buildConfigurationList = A41308CF2ADF07F000ADCA31 /* Build configuration list for PBXNativeTarget "TeaCo" */;
			buildPhases = (
				A41308BC2ADF07ED00ADCA31 /* Sources */,
				A41308BD2ADF07ED00ADCA31 /* Frameworks */,
				A41308BE2ADF07ED00ADCA31 /* Resources */,
			);
			buildRules = (
			);
			dependencies = (
			);
			name = TeaCo;
			packageProductDependencies = (
				A4479D922AE079A5004178C6 /* FirebaseDatabase */,
				A4479D942AE079A5004178C6 /* FirebaseDatabaseSwift */,
				A4479DB22AE079A5004178C6 /* FirebaseStorage */,
				A4479DB42AE079A5004178C6 /* FirebaseStorageCombine-Community */,
			);
			productName = TeaCo;
			productReference = A41308C02ADF07ED00ADCA31 /* TeaCo.app */;
			productType = "com.apple.product-type.application";
		};
/* End PBXNativeTarget section */

/* Begin PBXProject section */
		A41308B82ADF07ED00ADCA31 /* Project object */ = {
			isa = PBXProject;
			attributes = {
				BuildIndependentTargetsInParallel = 1;
				LastSwiftUpdateCheck = 1500;
				LastUpgradeCheck = 1500;
				TargetAttributes = {
					A41308BF2ADF07ED00ADCA31 = {
						CreatedOnToolsVersion = 15.0;
					};
				};
			};
			buildConfigurationList = A41308BB2ADF07ED00ADCA31 /* Build configuration list for PBXProject "TeaCo" */;
			compatibilityVersion = "Xcode 14.0";
			developmentRegion = en;
			hasScannedForEncodings = 0;
			knownRegions = (
				en,
				Base,
			);
			mainGroup = A41308B72ADF07ED00ADCA31;
			packageReferences = (
				A4479D7F2AE079A5004178C6 /* XCRemoteSwiftPackageReference "firebase-ios-sdk" */,
			);
			productRefGroup = A41308C12ADF07ED00ADCA31 /* Products */;
			projectDirPath = "";
			projectRoot = "";
			targets = (
				A41308BF2ADF07ED00ADCA31 /* TeaCo */,
			);
		};
/* End PBXProject section */

/* Begin PBXResourcesBuildPhase section */
		A41308BE2ADF07ED00ADCA31 /* Resources */ = {
			isa = PBXResourcesBuildPhase;
			buildActionMask = 2147483647;
			files = (
				A41308CC2ADF07F000ADCA31 /* Preview Assets.xcassets in Resources */,
				A4479D7E2AE07816004178C6 /* GoogleService-Info.plist in Resources */,
				A41308C82ADF07EF00ADCA31 /* Assets.xcassets in Resources */,
			);
			runOnlyForDeploymentPostprocessing = 0;
		};
/* End PBXResourcesBuildPhase section */

/* Begin PBXSourcesBuildPhase section */
		A41308BC2ADF07ED00ADCA31 /* Sources */ = {
			isa = PBXSourcesBuildPhase;
			buildActionMask = 2147483647;
			files = (
				A41308F82ADF0AEA00ADCA31 /* ItemDefault.swift in Sources */,
				A41308E12ADF09BC00ADCA31 /* PayView.swift in Sources */,
				A41308DB2ADF097500ADCA31 /* ChangeView.swift in Sources */,
				A41308ED2ADF0A6D00ADCA31 /* EditView.swift in Sources */,
				A41308E32ADF09DA00ADCA31 /* Coins.swift in Sources */,
				A42D004D2B224750006436E8 /* FirebaseStorage.swift in Sources */,
				A41308D32ADF08D400ADCA31 /* ViewRouter.swift in Sources */,
				A41308DD2ADF098900ADCA31 /* Item.swift in Sources */,
				A4F6A7782B1522CC0044EBD5 /* ImagePicker.swift in Sources */,
				A41308F62ADF0ADA00ADCA31 /* EditFalse.swift in Sources */,
				A41308DF2ADF099E00ADCA31 /* OrderView.swift in Sources */,
				A41308F22ADF0A9900ADCA31 /* ItemEdit.swift in Sources */,
				A41308FB2ADF0AFE00ADCA31 /* LoginView.swift in Sources */,
				A41308C62ADF07ED00ADCA31 /* ContentView.swift in Sources */,
				A41308E82ADF0A4600ADCA31 /* CashCredView.swift in Sources */,
				A41308C42ADF07ED00ADCA31 /* TeaCoApp.swift in Sources */,
				A41308E52ADF0A0200ADCA31 /* Dollars.swift in Sources */,
				A41308F42ADF0AAF00ADCA31 /* TextBox.swift in Sources */,
				A41308EF2ADF0A8500ADCA31 /* EditTrue.swift in Sources */,
			);
			runOnlyForDeploymentPostprocessing = 0;
		};
/* End PBXSourcesBuildPhase section */

/* Begin XCBuildConfiguration section */
		A41308CD2ADF07F000ADCA31 /* Debug */ = {
			isa = XCBuildConfiguration;
			buildSettings = {
				ALWAYS_SEARCH_USER_PATHS = NO;
				ASSETCATALOG_COMPILER_GENERATE_SWIFT_ASSET_SYMBOL_EXTENSIONS = YES;
				CLANG_ANALYZER_NONNULL = YES;
				CLANG_ANALYZER_NUMBER_OBJECT_CONVERSION = YES_AGGRESSIVE;
				CLANG_CXX_LANGUAGE_STANDARD = "gnu++20";
				CLANG_ENABLE_MODULES = YES;
				CLANG_ENABLE_OBJC_ARC = YES;
				CLANG_ENABLE_OBJC_WEAK = YES;
				CLANG_WARN_BLOCK_CAPTURE_AUTORELEASING = YES;
				CLANG_WARN_BOOL_CONVERSION = YES;
				CLANG_WARN_COMMA = YES;
				CLANG_WARN_CONSTANT_CONVERSION = YES;
				CLANG_WARN_DEPRECATED_OBJC_IMPLEMENTATIONS = YES;
				CLANG_WARN_DIRECT_OBJC_ISA_USAGE = YES_ERROR;
				CLANG_WARN_DOCUMENTATION_COMMENTS = YES;
				CLANG_WARN_EMPTY_BODY = YES;
				CLANG_WARN_ENUM_CONVERSION = YES;
				CLANG_WARN_INFINITE_RECURSION = YES;
				CLANG_WARN_INT_CONVERSION = YES;
				CLANG_WARN_NON_LITERAL_NULL_CONVERSION = YES;
				CLANG_WARN_OBJC_IMPLICIT_RETAIN_SELF = YES;
				CLANG_WARN_OBJC_LITERAL_CONVERSION = YES;
				CLANG_WARN_OBJC_ROOT_CLASS = YES_ERROR;
				CLANG_WARN_QUOTED_INCLUDE_IN_FRAMEWORK_HEADER = YES;
				CLANG_WARN_RANGE_LOOP_ANALYSIS = YES;
				CLANG_WARN_STRICT_PROTOTYPES = YES;
				CLANG_WARN_SUSPICIOUS_MOVE = YES;
				CLANG_WARN_UNGUARDED_AVAILABILITY = YES_AGGRESSIVE;
				CLANG_WARN_UNREACHABLE_CODE = YES;
				CLANG_WARN__DUPLICATE_METHOD_MATCH = YES;
				COPY_PHASE_STRIP = NO;
				DEBUG_INFORMATION_FORMAT = dwarf;
				ENABLE_STRICT_OBJC_MSGSEND = YES;
				ENABLE_TESTABILITY = YES;
				ENABLE_USER_SCRIPT_SANDBOXING = YES;
				GCC_C_LANGUAGE_STANDARD = gnu17;
				GCC_DYNAMIC_NO_PIC = NO;
				GCC_NO_COMMON_BLOCKS = YES;
				GCC_OPTIMIZATION_LEVEL = 0;
				GCC_PREPROCESSOR_DEFINITIONS = (
					"DEBUG=1",
					"$(inherited)",
				);
				GCC_WARN_64_TO_32_BIT_CONVERSION = YES;
				GCC_WARN_ABOUT_RETURN_TYPE = YES_ERROR;
				GCC_WARN_UNDECLARED_SELECTOR = YES;
				GCC_WARN_UNINITIALIZED_AUTOS = YES_AGGRESSIVE;
				GCC_WARN_UNUSED_FUNCTION = YES;
				GCC_WARN_UNUSED_VARIABLE = YES;
				LOCALIZATION_PREFERS_STRING_CATALOGS = YES;
				MTL_ENABLE_DEBUG_INFO = INCLUDE_SOURCE;
				MTL_FAST_MATH = YES;
				ONLY_ACTIVE_ARCH = YES;
				SWIFT_ACTIVE_COMPILATION_CONDITIONS = "DEBUG $(inherited)";
				SWIFT_OPTIMIZATION_LEVEL = "-Onone";
			};
			name = Debug;
		};
		A41308CE2ADF07F000ADCA31 /* Release */ = {
			isa = XCBuildConfiguration;
			buildSettings = {
				ALWAYS_SEARCH_USER_PATHS = NO;
				ASSETCATALOG_COMPILER_GENERATE_SWIFT_ASSET_SYMBOL_EXTENSIONS = YES;
				CLANG_ANALYZER_NONNULL = YES;
				CLANG_ANALYZER_NUMBER_OBJECT_CONVERSION = YES_AGGRESSIVE;
				CLANG_CXX_LANGUAGE_STANDARD = "gnu++20";
				CLANG_ENABLE_MODULES = YES;
				CLANG_ENABLE_OBJC_ARC = YES;
				CLANG_ENABLE_OBJC_WEAK = YES;
				CLANG_WARN_BLOCK_CAPTURE_AUTORELEASING = YES;
				CLANG_WARN_BOOL_CONVERSION = YES;
				CLANG_WARN_COMMA = YES;
				CLANG_WARN_CONSTANT_CONVERSION = YES;
				CLANG_WARN_DEPRECATED_OBJC_IMPLEMENTATIONS = YES;
				CLANG_WARN_DIRECT_OBJC_ISA_USAGE = YES_ERROR;
				CLANG_WARN_DOCUMENTATION_COMMENTS = YES;
				CLANG_WARN_EMPTY_BODY = YES;
				CLANG_WARN_ENUM_CONVERSION = YES;
				CLANG_WARN_INFINITE_RECURSION = YES;
				CLANG_WARN_INT_CONVERSION = YES;
				CLANG_WARN_NON_LITERAL_NULL_CONVERSION = YES;
				CLANG_WARN_OBJC_IMPLICIT_RETAIN_SELF = YES;
				CLANG_WARN_OBJC_LITERAL_CONVERSION = YES;
				CLANG_WARN_OBJC_ROOT_CLASS = YES_ERROR;
				CLANG_WARN_QUOTED_INCLUDE_IN_FRAMEWORK_HEADER = YES;
				CLANG_WARN_RANGE_LOOP_ANALYSIS = YES;
				CLANG_WARN_STRICT_PROTOTYPES = YES;
				CLANG_WARN_SUSPICIOUS_MOVE = YES;
				CLANG_WARN_UNGUARDED_AVAILABILITY = YES_AGGRESSIVE;
				CLANG_WARN_UNREACHABLE_CODE = YES;
				CLANG_WARN__DUPLICATE_METHOD_MATCH = YES;
				COPY_PHASE_STRIP = NO;
				DEBUG_INFORMATION_FORMAT = "dwarf-with-dsym";
				ENABLE_NS_ASSERTIONS = NO;
				ENABLE_STRICT_OBJC_MSGSEND = YES;
				ENABLE_USER_SCRIPT_SANDBOXING = YES;
				GCC_C_LANGUAGE_STANDARD = gnu17;
				GCC_NO_COMMON_BLOCKS = YES;
				GCC_WARN_64_TO_32_BIT_CONVERSION = YES;
				GCC_WARN_ABOUT_RETURN_TYPE = YES_ERROR;
				GCC_WARN_UNDECLARED_SELECTOR = YES;
				GCC_WARN_UNINITIALIZED_AUTOS = YES_AGGRESSIVE;
				GCC_WARN_UNUSED_FUNCTION = YES;
				GCC_WARN_UNUSED_VARIABLE = YES;
				LOCALIZATION_PREFERS_STRING_CATALOGS = YES;
				MTL_ENABLE_DEBUG_INFO = NO;
				MTL_FAST_MATH = YES;
				SWIFT_COMPILATION_MODE = wholemodule;
			};
			name = Release;
		};
		A41308D02ADF07F000ADCA31 /* Debug */ = {
			isa = XCBuildConfiguration;
			buildSettings = {
				ASSETCATALOG_COMPILER_APPICON_NAME = AppIcon;
				ASSETCATALOG_COMPILER_GLOBAL_ACCENT_COLOR_NAME = AccentColor;
				CODE_SIGN_ENTITLEMENTS = TeaCo/TeaCo.entitlements;
				CODE_SIGN_STYLE = Automatic;
				CURRENT_PROJECT_VERSION = 1;
				DEVELOPMENT_ASSET_PATHS = "\"TeaCo/Preview Content\"";
				DEVELOPMENT_TEAM = VC6B4AL6VZ;
				ENABLE_HARDENED_RUNTIME = YES;
				"ENABLE_HARDENED_RUNTIME[sdk=macosx*]" = YES;
				ENABLE_PREVIEWS = YES;
				GENERATE_INFOPLIST_FILE = YES;
				"INFOPLIST_KEY_UIApplicationSceneManifest_Generation[sdk=iphoneos*]" = YES;
				"INFOPLIST_KEY_UIApplicationSceneManifest_Generation[sdk=iphonesimulator*]" = YES;
				"INFOPLIST_KEY_UIApplicationSupportsIndirectInputEvents[sdk=iphoneos*]" = YES;
				"INFOPLIST_KEY_UIApplicationSupportsIndirectInputEvents[sdk=iphonesimulator*]" = YES;
				"INFOPLIST_KEY_UILaunchScreen_Generation[sdk=iphoneos*]" = YES;
				"INFOPLIST_KEY_UILaunchScreen_Generation[sdk=iphonesimulator*]" = YES;
				"INFOPLIST_KEY_UIStatusBarStyle[sdk=iphoneos*]" = UIStatusBarStyleDefault;
				"INFOPLIST_KEY_UIStatusBarStyle[sdk=iphonesimulator*]" = UIStatusBarStyleDefault;
				INFOPLIST_KEY_UISupportedInterfaceOrientations_iPad = "UIInterfaceOrientationPortrait UIInterfaceOrientationPortraitUpsideDown UIInterfaceOrientationLandscapeLeft UIInterfaceOrientationLandscapeRight";
				INFOPLIST_KEY_UISupportedInterfaceOrientations_iPhone = "UIInterfaceOrientationPortrait UIInterfaceOrientationLandscapeLeft UIInterfaceOrientationLandscapeRight";
				IPHONEOS_DEPLOYMENT_TARGET = 17.0;
				LD_RUNPATH_SEARCH_PATHS = "@executable_path/Frameworks";
				"LD_RUNPATH_SEARCH_PATHS[sdk=macosx*]" = "@executable_path/../Frameworks";
				MACOSX_DEPLOYMENT_TARGET = 13.5;
				MARKETING_VERSION = 1.0;
				PRODUCT_BUNDLE_IDENTIFIER = TeaCoApp;
				PRODUCT_NAME = "$(TARGET_NAME)";
				SDKROOT = auto;
				SUPPORTED_PLATFORMS = "iphoneos iphonesimulator macosx";
				SWIFT_EMIT_LOC_STRINGS = YES;
				SWIFT_VERSION = 5.0;
				TARGETED_DEVICE_FAMILY = "1,2";
			};
			name = Debug;
		};
		A41308D12ADF07F000ADCA31 /* Release */ = {
			isa = XCBuildConfiguration;
			buildSettings = {
				ASSETCATALOG_COMPILER_APPICON_NAME = AppIcon;
				ASSETCATALOG_COMPILER_GLOBAL_ACCENT_COLOR_NAME = AccentColor;
				CODE_SIGN_ENTITLEMENTS = TeaCo/TeaCo.entitlements;
				CODE_SIGN_STYLE = Automatic;
				CURRENT_PROJECT_VERSION = 1;
				DEVELOPMENT_ASSET_PATHS = "\"TeaCo/Preview Content\"";
				DEVELOPMENT_TEAM = VC6B4AL6VZ;
				ENABLE_HARDENED_RUNTIME = YES;
				"ENABLE_HARDENED_RUNTIME[sdk=macosx*]" = YES;
				ENABLE_PREVIEWS = YES;
				GENERATE_INFOPLIST_FILE = YES;
				"INFOPLIST_KEY_UIApplicationSceneManifest_Generation[sdk=iphoneos*]" = YES;
				"INFOPLIST_KEY_UIApplicationSceneManifest_Generation[sdk=iphonesimulator*]" = YES;
				"INFOPLIST_KEY_UIApplicationSupportsIndirectInputEvents[sdk=iphoneos*]" = YES;
				"INFOPLIST_KEY_UIApplicationSupportsIndirectInputEvents[sdk=iphonesimulator*]" = YES;
				"INFOPLIST_KEY_UILaunchScreen_Generation[sdk=iphoneos*]" = YES;
				"INFOPLIST_KEY_UILaunchScreen_Generation[sdk=iphonesimulator*]" = YES;
				"INFOPLIST_KEY_UIStatusBarStyle[sdk=iphoneos*]" = UIStatusBarStyleDefault;
				"INFOPLIST_KEY_UIStatusBarStyle[sdk=iphonesimulator*]" = UIStatusBarStyleDefault;
				INFOPLIST_KEY_UISupportedInterfaceOrientations_iPad = "UIInterfaceOrientationPortrait UIInterfaceOrientationPortraitUpsideDown UIInterfaceOrientationLandscapeLeft UIInterfaceOrientationLandscapeRight";
				INFOPLIST_KEY_UISupportedInterfaceOrientations_iPhone = "UIInterfaceOrientationPortrait UIInterfaceOrientationLandscapeLeft UIInterfaceOrientationLandscapeRight";
				IPHONEOS_DEPLOYMENT_TARGET = 17.0;
				LD_RUNPATH_SEARCH_PATHS = "@executable_path/Frameworks";
				"LD_RUNPATH_SEARCH_PATHS[sdk=macosx*]" = "@executable_path/../Frameworks";
				MACOSX_DEPLOYMENT_TARGET = 13.5;
				MARKETING_VERSION = 1.0;
				PRODUCT_BUNDLE_IDENTIFIER = TeaCoApp;
				PRODUCT_NAME = "$(TARGET_NAME)";
				SDKROOT = auto;
				SUPPORTED_PLATFORMS = "iphoneos iphonesimulator macosx";
				SWIFT_EMIT_LOC_STRINGS = YES;
				SWIFT_VERSION = 5.0;
				TARGETED_DEVICE_FAMILY = "1,2";
			};
			name = Release;
		};
/* End XCBuildConfiguration section */

/* Begin XCConfigurationList section */
		A41308BB2ADF07ED00ADCA31 /* Build configuration list for PBXProject "TeaCo" */ = {
			isa = XCConfigurationList;
			buildConfigurations = (
				A41308CD2ADF07F000ADCA31 /* Debug */,
				A41308CE2ADF07F000ADCA31 /* Release */,
			);
			defaultConfigurationIsVisible = 0;
			defaultConfigurationName = Release;
		};
		A41308CF2ADF07F000ADCA31 /* Build configuration list for PBXNativeTarget "TeaCo" */ = {
			isa = XCConfigurationList;
			buildConfigurations = (
				A41308D02ADF07F000ADCA31 /* Debug */,
				A41308D12ADF07F000ADCA31 /* Release */,
			);
			defaultConfigurationIsVisible = 0;
			defaultConfigurationName = Release;
		};
/* End XCConfigurationList section */

/* Begin XCRemoteSwiftPackageReference section */
		A4479D7F2AE079A5004178C6 /* XCRemoteSwiftPackageReference "firebase-ios-sdk" */ = {
			isa = XCRemoteSwiftPackageReference;
			repositoryURL = "https://github.com/firebase/firebase-ios-sdk.git";
			requirement = {
				kind = upToNextMajorVersion;
				minimumVersion = 10.16.0;
			};
		};
/* End XCRemoteSwiftPackageReference section */

/* Begin XCSwiftPackageProductDependency section */
		A4479D922AE079A5004178C6 /* FirebaseDatabase */ = {
			isa = XCSwiftPackageProductDependency;
			package = A4479D7F2AE079A5004178C6 /* XCRemoteSwiftPackageReference "firebase-ios-sdk" */;
			productName = FirebaseDatabase;
		};
		A4479D942AE079A5004178C6 /* FirebaseDatabaseSwift */ = {
			isa = XCSwiftPackageProductDependency;
			package = A4479D7F2AE079A5004178C6 /* XCRemoteSwiftPackageReference "firebase-ios-sdk" */;
			productName = FirebaseDatabaseSwift;
		};
		A4479DB22AE079A5004178C6 /* FirebaseStorage */ = {
			isa = XCSwiftPackageProductDependency;
			package = A4479D7F2AE079A5004178C6 /* XCRemoteSwiftPackageReference "firebase-ios-sdk" */;
			productName = FirebaseStorage;
		};
		A4479DB42AE079A5004178C6 /* FirebaseStorageCombine-Community */ = {
			isa = XCSwiftPackageProductDependency;
			package = A4479D7F2AE079A5004178C6 /* XCRemoteSwiftPackageReference "firebase-ios-sdk" */;
			productName = "FirebaseStorageCombine-Community";
		};
/* End XCSwiftPackageProductDependency section */
	};
	rootObject = A41308B82ADF07ED00ADCA31 /* Project object */;
}
